
Microsoft Visual Studio Solution File, Format Version 12.00
# Visual Studio Version 17
VisualStudioVersion = 17.8.34330.188
MinimumVisualStudioVersion = 10.0.40219.1
Project("{FAE04EC0-301F-11D3-BF4B-00C04F79EFBC}") = "HomeWork", "HomeWork.csproj", "{52A874AA-7187-4FAC-BA57-36385540FB16}"
EndProject
Global
	GlobalSection(SolutionConfigurationPlatforms) = preSolution
		Debug|Any CPU = Debug|Any CPU
		Release|Any CPU = Release|Any CPU
	EndGlobalSection
	GlobalSection(ProjectConfigurationPlatforms) = postSolution
		{52A874AA-7187-4FAC-BA57-36385540FB16}.Debug|Any CPU.ActiveCfg = Debug|Any CPU
		{52A874AA-7187-4FAC-BA57-36385540FB16}.Debug|Any CPU.Build.0 = Debug|Any CPU
		{52A874AA-7187-4FAC-BA57-36385540FB16}.Release|Any CPU.ActiveCfg = Release|Any CPU
		{52A874AA-7187-4FAC-BA57-36385540FB16}.Release|Any CPU.Build.0 = Release|Any CPU
	EndGlobalSection
	GlobalSection(SolutionProperties) = preSolution
		HideSolutionNode = FALSE
	EndGlobalSection
	GlobalSection(ExtensibilityGlobals) = postSolution
		SolutionGuid = {A7AA01B4-910C-4498-8439-335BA99713F7}
	EndGlobalSection
EndGlobal
